
Microsoft Visual Studio Solution File, Format Version 12.00
# Visual Studio Version 16
VisualStudioVersion = 16.0.30717.126
MinimumVisualStudioVersion = 10.0.40219.1
Project("{FAE04EC0-301F-11D3-BF4B-00C04F79EFBC}") = "WebSiteCore", "WebSiteCore\WebSiteCore.csproj", "{0C956A78-18BD-4C50-BDA4-310C9FFA7F80}"
EndProject
Global
	GlobalSection(SolutionConfigurationPlatforms) = preSolution
		Debug|Any CPU = Debug|Any CPU
		Release|Any CPU = Release|Any CPU
	EndGlobalSection
	GlobalSection(ProjectConfigurationPlatforms) = postSolution
		{0C956A78-18BD-4C50-BDA4-310C9FFA7F80}.Debug|Any CPU.ActiveCfg = Debug|Any CPU
		{0C956A78-18BD-4C50-BDA4-310C9FFA7F80}.Debug|Any CPU.Build.0 = Debug|Any CPU
		{0C956A78-18BD-4C50-BDA4-310C9FFA7F80}.Release|Any CPU.ActiveCfg = Release|Any CPU
		{0C956A78-18BD-4C50-BDA4-310C9FFA7F80}.Release|Any CPU.Build.0 = Release|Any CPU
	EndGlobalSection
	GlobalSection(SolutionProperties) = preSolution
		HideSolutionNode = FALSE
	EndGlobalSection
	GlobalSection(ExtensibilityGlobals) = postSolution
		SolutionGuid = {72BE2894-2B2C-42B1-B552-1746F348D9F6}
	EndGlobalSection
EndGlobal
